// !$*UTF8*$!
{
	archiveVersion = 1;
	classes = {
	};
	objectVersion = 50;
	objects = {

/* Begin PBXBuildFile section */
		DA3B322B21D6DBD6007CCA33 /* TournamentDataService.graphql in Resources */ = {isa = PBXBuildFile; fileRef = DA3B322A21D6DBD6007CCA33 /* TournamentDataService.graphql */; };
		DA3B323521D8A522007CCA33 /* Tournament.swift in Sources */ = {isa = PBXBuildFile; fileRef = DA3B323421D8A522007CCA33 /* Tournament.swift */; };
		DA76BDB421D33CA200A72697 /* TournamentCell.swift in Sources */ = {isa = PBXBuildFile; fileRef = DA76BDB321D33CA200A72697 /* TournamentCell.swift */; };
		DA76BDB721D3D8C000A72697 /* TournamentDataService.swift in Sources */ = {isa = PBXBuildFile; fileRef = DA76BDB621D3D8C000A72697 /* TournamentDataService.swift */; };
		DA76BDBA21D3D94B00A72697 /* Constants.swift in Sources */ = {isa = PBXBuildFile; fileRef = DA76BDB921D3D94B00A72697 /* Constants.swift */; };
		DA76BDC021D3F8CE00A72697 /* MainVC.swift in Sources */ = {isa = PBXBuildFile; fileRef = DA76BDBF21D3F8CE00A72697 /* MainVC.swift */; };
		DA76BDC421D4A0AF00A72697 /* AuthToken.swift in Sources */ = {isa = PBXBuildFile; fileRef = DA76BDC321D4A0AF00A72697 /* AuthToken.swift */; };
		DAB09AAA21C56E7C00C413D8 /* AppDelegate.swift in Sources */ = {isa = PBXBuildFile; fileRef = DAB09AA921C56E7C00C413D8 /* AppDelegate.swift */; };
		DAB09AAF21C56E7C00C413D8 /* Main.storyboard in Resources */ = {isa = PBXBuildFile; fileRef = DAB09AAD21C56E7C00C413D8 /* Main.storyboard */; };
		DAB09AB121C56E7E00C413D8 /* Assets.xcassets in Resources */ = {isa = PBXBuildFile; fileRef = DAB09AB021C56E7E00C413D8 /* Assets.xcassets */; };
		DAB09AB421C56E7E00C413D8 /* LaunchScreen.storyboard in Resources */ = {isa = PBXBuildFile; fileRef = DAB09AB221C56E7E00C413D8 /* LaunchScreen.storyboard */; };
		DAC12BAF227C971500B33155 /* API.swift in Sources */ = {isa = PBXBuildFile; fileRef = DAC12BAE227C971500B33155 /* API.swift */; };
		DAC12BB1227C980600B33155 /* Timestamp.swift in Sources */ = {isa = PBXBuildFile; fileRef = DAC12BB0227C980600B33155 /* Timestamp.swift */; };
		DAD5A25E21DD924C00185801 /* SettingsVC.swift in Sources */ = {isa = PBXBuildFile; fileRef = DAD5A25D21DD924C00185801 /* SettingsVC.swift */; };
		DAD5A26421DF1D9800185801 /* VideoGameCell.swift in Sources */ = {isa = PBXBuildFile; fileRef = DAD5A26321DF1D9800185801 /* VideoGameCell.swift */; };
		DAD5A26621E05D3600185801 /* VideoGames.swift in Sources */ = {isa = PBXBuildFile; fileRef = DAD5A26521E05D3600185801 /* VideoGames.swift */; };
		DAD5A26821E067A200185801 /* VideoGame.swift in Sources */ = {isa = PBXBuildFile; fileRef = DAD5A26721E067A200185801 /* VideoGame.swift */; };
		DAD5A26C21E1E02F00185801 /* VideoGameService.swift in Sources */ = {isa = PBXBuildFile; fileRef = DAD5A26B21E1E02F00185801 /* VideoGameService.swift */; };
		DAD5A26E21E2687500185801 /* SearchVC.swift in Sources */ = {isa = PBXBuildFile; fileRef = DAD5A26D21E2687500185801 /* SearchVC.swift */; };
		DAD5A27021E268BF00185801 /* TournamentVC.swift in Sources */ = {isa = PBXBuildFile; fileRef = DAD5A26F21E268BF00185801 /* TournamentVC.swift */; };
		DAD5A27621FC080600185801 /* GameSelectionVC.swift in Sources */ = {isa = PBXBuildFile; fileRef = DAD5A27521FC080600185801 /* GameSelectionVC.swift */; };
		DAFE381221D9615200C0FCB3 /* DefaultsService.swift in Sources */ = {isa = PBXBuildFile; fileRef = DAFE381121D9615200C0FCB3 /* DefaultsService.swift */; };
/* End PBXBuildFile section */

/* Begin PBXFileReference section */
		7F4E9C3AFBD4B72B860E85B6 /* Pods-pocket.gg.debug.xcconfig */ = {isa = PBXFileReference; includeInIndex = 1; lastKnownFileType = text.xcconfig; name = "Pods-pocket.gg.debug.xcconfig"; path = "Pods/Target Support Files/Pods-pocket.gg/Pods-pocket.gg.debug.xcconfig"; sourceTree = "<group>"; };
		C6020265811DB506F6092B80 /* Pods-pocket.gg.release.xcconfig */ = {isa = PBXFileReference; includeInIndex = 1; lastKnownFileType = text.xcconfig; name = "Pods-pocket.gg.release.xcconfig"; path = "Pods/Target Support Files/Pods-pocket.gg/Pods-pocket.gg.release.xcconfig"; sourceTree = "<group>"; };
		DA3B322A21D6DBD6007CCA33 /* TournamentDataService.graphql */ = {isa = PBXFileReference; fileEncoding = 4; lastKnownFileType = text; path = TournamentDataService.graphql; sourceTree = "<group>"; };
		DA3B323421D8A522007CCA33 /* Tournament.swift */ = {isa = PBXFileReference; lastKnownFileType = sourcecode.swift; path = Tournament.swift; sourceTree = "<group>"; };
		DA76BDB321D33CA200A72697 /* TournamentCell.swift */ = {isa = PBXFileReference; lastKnownFileType = sourcecode.swift; path = TournamentCell.swift; sourceTree = "<group>"; };
		DA76BDB621D3D8C000A72697 /* TournamentDataService.swift */ = {isa = PBXFileReference; lastKnownFileType = sourcecode.swift; path = TournamentDataService.swift; sourceTree = "<group>"; };
		DA76BDB921D3D94B00A72697 /* Constants.swift */ = {isa = PBXFileReference; lastKnownFileType = sourcecode.swift; path = Constants.swift; sourceTree = "<group>"; };
		DA76BDBF21D3F8CE00A72697 /* MainVC.swift */ = {isa = PBXFileReference; lastKnownFileType = sourcecode.swift; path = MainVC.swift; sourceTree = "<group>"; };
		DA76BDC321D4A0AF00A72697 /* AuthToken.swift */ = {isa = PBXFileReference; lastKnownFileType = sourcecode.swift; path = AuthToken.swift; sourceTree = "<group>"; };
		DAB09AA621C56E7C00C413D8 /* pocket.gg.app */ = {isa = PBXFileReference; explicitFileType = wrapper.application; includeInIndex = 0; path = pocket.gg.app; sourceTree = BUILT_PRODUCTS_DIR; };
		DAB09AA921C56E7C00C413D8 /* AppDelegate.swift */ = {isa = PBXFileReference; lastKnownFileType = sourcecode.swift; path = AppDelegate.swift; sourceTree = "<group>"; };
		DAB09AAE21C56E7C00C413D8 /* Base */ = {isa = PBXFileReference; lastKnownFileType = file.storyboard; name = Base; path = Base.lproj/Main.storyboard; sourceTree = "<group>"; };
		DAB09AB021C56E7E00C413D8 /* Assets.xcassets */ = {isa = PBXFileReference; lastKnownFileType = folder.assetcatalog; path = Assets.xcassets; sourceTree = "<group>"; };
		DAB09AB321C56E7E00C413D8 /* Base */ = {isa = PBXFileReference; lastKnownFileType = file.storyboard; name = Base; path = Base.lproj/LaunchScreen.storyboard; sourceTree = "<group>"; };
		DAB09AB521C56E7E00C413D8 /* Info.plist */ = {isa = PBXFileReference; lastKnownFileType = text.plist.xml; path = Info.plist; sourceTree = "<group>"; };
		DAC12BAE227C971500B33155 /* API.swift */ = {isa = PBXFileReference; fileEncoding = 4; lastKnownFileType = sourcecode.swift; path = API.swift; sourceTree = "<group>"; };
		DAC12BB0227C980600B33155 /* Timestamp.swift */ = {isa = PBXFileReference; lastKnownFileType = sourcecode.swift; path = Timestamp.swift; sourceTree = "<group>"; };
		DAD5A25D21DD924C00185801 /* SettingsVC.swift */ = {isa = PBXFileReference; lastKnownFileType = sourcecode.swift; path = SettingsVC.swift; sourceTree = "<group>"; };
		DAD5A26321DF1D9800185801 /* VideoGameCell.swift */ = {isa = PBXFileReference; lastKnownFileType = sourcecode.swift; path = VideoGameCell.swift; sourceTree = "<group>"; };
		DAD5A26521E05D3600185801 /* VideoGames.swift */ = {isa = PBXFileReference; lastKnownFileType = sourcecode.swift; path = VideoGames.swift; sourceTree = "<group>"; };
		DAD5A26721E067A200185801 /* VideoGame.swift */ = {isa = PBXFileReference; lastKnownFileType = sourcecode.swift; path = VideoGame.swift; sourceTree = "<group>"; };
		DAD5A26B21E1E02F00185801 /* VideoGameService.swift */ = {isa = PBXFileReference; lastKnownFileType = sourcecode.swift; path = VideoGameService.swift; sourceTree = "<group>"; };
		DAD5A26D21E2687500185801 /* SearchVC.swift */ = {isa = PBXFileReference; lastKnownFileType = sourcecode.swift; path = SearchVC.swift; sourceTree = "<group>"; };
		DAD5A26F21E268BF00185801 /* TournamentVC.swift */ = {isa = PBXFileReference; lastKnownFileType = sourcecode.swift; path = TournamentVC.swift; sourceTree = "<group>"; };
		DAD5A27521FC080600185801 /* GameSelectionVC.swift */ = {isa = PBXFileReference; fileEncoding = 4; lastKnownFileType = sourcecode.swift; path = GameSelectionVC.swift; sourceTree = "<group>"; };
		DAFE381121D9615200C0FCB3 /* DefaultsService.swift */ = {isa = PBXFileReference; lastKnownFileType = sourcecode.swift; path = DefaultsService.swift; sourceTree = "<group>"; };
/* End PBXFileReference section */

/* Begin PBXFrameworksBuildPhase section */
		DAB09AA321C56E7C00C413D8 /* Frameworks */ = {
			isa = PBXFrameworksBuildPhase;
			buildActionMask = 2147483647;
			files = (
			);
			runOnlyForDeploymentPostprocessing = 0;
		};
/* End PBXFrameworksBuildPhase section */

/* Begin PBXGroup section */
		200FB7755A24026D0316515C /* Pods */ = {
			isa = PBXGroup;
			children = (
				7F4E9C3AFBD4B72B860E85B6 /* Pods-pocket.gg.debug.xcconfig */,
				C6020265811DB506F6092B80 /* Pods-pocket.gg.release.xcconfig */,
			);
			name = Pods;
			sourceTree = "<group>";
		};
		DA64819E21D5753200BE17C3 /* GraphQL Files */ = {
			isa = PBXGroup;
			children = (
				DA3B322A21D6DBD6007CCA33 /* TournamentDataService.graphql */,
			);
			path = "GraphQL Files";
			sourceTree = "<group>";
		};
		DA76BDAD21D332B800A72697 /* Utilities */ = {
			isa = PBXGroup;
			children = (
				DA76BDB921D3D94B00A72697 /* Constants.swift */,
				DA76BDC321D4A0AF00A72697 /* AuthToken.swift */,
				DAD5A26521E05D3600185801 /* VideoGames.swift */,
			);
			path = Utilities;
			sourceTree = "<group>";
		};
		DA76BDB021D3330400A72697 /* Controller */ = {
			isa = PBXGroup;
			children = (
				DAD5A27521FC080600185801 /* GameSelectionVC.swift */,
				DA76BDBF21D3F8CE00A72697 /* MainVC.swift */,
				DAD5A25D21DD924C00185801 /* SettingsVC.swift */,
				DAD5A26D21E2687500185801 /* SearchVC.swift */,
				DAD5A26F21E268BF00185801 /* TournamentVC.swift */,
			);
			path = Controller;
			sourceTree = "<group>";
		};
		DA76BDB121D3330E00A72697 /* View */ = {
			isa = PBXGroup;
			children = (
				DA76BDB321D33CA200A72697 /* TournamentCell.swift */,
				DAD5A26321DF1D9800185801 /* VideoGameCell.swift */,
			);
			path = View;
			sourceTree = "<group>";
		};
		DA76BDB221D3331200A72697 /* Model */ = {
			isa = PBXGroup;
			children = (
				DA3B323421D8A522007CCA33 /* Tournament.swift */,
				DAD5A26721E067A200185801 /* VideoGame.swift */,
			);
			path = Model;
			sourceTree = "<group>";
		};
		DA76BDB821D3D93C00A72697 /* Services */ = {
			isa = PBXGroup;
			children = (
				DA76BDB621D3D8C000A72697 /* TournamentDataService.swift */,
				DAD5A26B21E1E02F00185801 /* VideoGameService.swift */,
				DAFE381121D9615200C0FCB3 /* DefaultsService.swift */,
			);
			path = Services;
			sourceTree = "<group>";
		};
		DAB09A9D21C56E7C00C413D8 = {
			isa = PBXGroup;
			children = (
				DAB09AA821C56E7C00C413D8 /* pocket.gg */,
				DAB09AA721C56E7C00C413D8 /* Products */,
				200FB7755A24026D0316515C /* Pods */,
			);
			sourceTree = "<group>";
		};
		DAB09AA721C56E7C00C413D8 /* Products */ = {
			isa = PBXGroup;
			children = (
				DAB09AA621C56E7C00C413D8 /* pocket.gg.app */,
			);
			name = Products;
			sourceTree = "<group>";
		};
		DAB09AA821C56E7C00C413D8 /* pocket.gg */ = {
			isa = PBXGroup;
			children = (
				DA76BDB821D3D93C00A72697 /* Services */,
				DA64819E21D5753200BE17C3 /* GraphQL Files */,
				DA76BDAD21D332B800A72697 /* Utilities */,
				DA76BDB221D3331200A72697 /* Model */,
				DA76BDB121D3330E00A72697 /* View */,
				DA76BDB021D3330400A72697 /* Controller */,
				DAC12BAE227C971500B33155 /* API.swift */,
				DAB09AA921C56E7C00C413D8 /* AppDelegate.swift */,
				DAC12BB0227C980600B33155 /* Timestamp.swift */,
				DAB09AAD21C56E7C00C413D8 /* Main.storyboard */,
				DAB09AB021C56E7E00C413D8 /* Assets.xcassets */,
				DAB09AB221C56E7E00C413D8 /* LaunchScreen.storyboard */,
				DAB09AB521C56E7E00C413D8 /* Info.plist */,
			);
			path = pocket.gg;
			sourceTree = "<group>";
		};
/* End PBXGroup section */

/* Begin PBXNativeTarget section */
		DAB09AA521C56E7C00C413D8 /* pocket.gg */ = {
			isa = PBXNativeTarget;
			buildConfigurationList = DAB09AB821C56E7E00C413D8 /* Build configuration list for PBXNativeTarget "pocket.gg" */;
			buildPhases = (
				113701A9CBFD9924FEF9F9CF /* [CP] Check Pods Manifest.lock */,
				DA827FB621D32FB80071769F /* Generate Apollo GraphQL API */,
				DAB09AA221C56E7C00C413D8 /* Sources */,
				DAB09AA321C56E7C00C413D8 /* Frameworks */,
				DAB09AA421C56E7C00C413D8 /* Resources */,
				61A3B7E87FCF3D1EECA22E6D /* [CP] Embed Pods Frameworks */,
			);
			buildRules = (
			);
			dependencies = (
			);
			name = pocket.gg;
			productName = pocket.gg;
			productReference = DAB09AA621C56E7C00C413D8 /* pocket.gg.app */;
			productType = "com.apple.product-type.application";
		};
/* End PBXNativeTarget section */

/* Begin PBXProject section */
		DAB09A9E21C56E7C00C413D8 /* Project object */ = {
			isa = PBXProject;
			attributes = {
				LastSwiftUpdateCheck = 1010;
				LastUpgradeCheck = 1010;
				ORGANIZATIONNAME = "Gabriel Siu";
				TargetAttributes = {
					DAB09AA521C56E7C00C413D8 = {
						CreatedOnToolsVersion = 10.1;
						LastSwiftMigration = 1020;
					};
				};
			};
			buildConfigurationList = DAB09AA121C56E7C00C413D8 /* Build configuration list for PBXProject "pocket.gg" */;
			compatibilityVersion = "Xcode 9.3";
			developmentRegion = en;
			hasScannedForEncodings = 0;
			knownRegions = (
				en,
				Base,
			);
			mainGroup = DAB09A9D21C56E7C00C413D8;
			productRefGroup = DAB09AA721C56E7C00C413D8 /* Products */;
			projectDirPath = "";
			projectRoot = "";
			targets = (
				DAB09AA521C56E7C00C413D8 /* pocket.gg */,
			);
		};
/* End PBXProject section */

/* Begin PBXResourcesBuildPhase section */
		DAB09AA421C56E7C00C413D8 /* Resources */ = {
			isa = PBXResourcesBuildPhase;
			buildActionMask = 2147483647;
			files = (
				DAB09AB421C56E7E00C413D8 /* LaunchScreen.storyboard in Resources */,
				DAB09AB121C56E7E00C413D8 /* Assets.xcassets in Resources */,
				DA3B322B21D6DBD6007CCA33 /* TournamentDataService.graphql in Resources */,
				DAB09AAF21C56E7C00C413D8 /* Main.storyboard in Resources */,
			);
			runOnlyForDeploymentPostprocessing = 0;
		};
/* End PBXResourcesBuildPhase section */

/* Begin PBXShellScriptBuildPhase section */
		113701A9CBFD9924FEF9F9CF /* [CP] Check Pods Manifest.lock */ = {
			isa = PBXShellScriptBuildPhase;
			buildActionMask = 2147483647;
			files = (
			);
			inputPaths = (
				"${PODS_PODFILE_DIR_PATH}/Podfile.lock",
				"${PODS_ROOT}/Manifest.lock",
			);
			name = "[CP] Check Pods Manifest.lock";
			outputPaths = (
				"$(DERIVED_FILE_DIR)/Pods-pocket.gg-checkManifestLockResult.txt",
			);
			runOnlyForDeploymentPostprocessing = 0;
			shellPath = /bin/sh;
			shellScript = "diff \"${PODS_PODFILE_DIR_PATH}/Podfile.lock\" \"${PODS_ROOT}/Manifest.lock\" > /dev/null\nif [ $? != 0 ] ; then\n    # print error to STDERR\n    echo \"error: The sandbox is not in sync with the Podfile.lock. Run 'pod install' or update your CocoaPods installation.\" >&2\n    exit 1\nfi\n# This output is used by Xcode 'outputs' to avoid re-running this script phase.\necho \"SUCCESS\" > \"${SCRIPT_OUTPUT_FILE_0}\"\n";
			showEnvVarsInLog = 0;
		};
		61A3B7E87FCF3D1EECA22E6D /* [CP] Embed Pods Frameworks */ = {
			isa = PBXShellScriptBuildPhase;
			buildActionMask = 2147483647;
			files = (
			);
			inputPaths = (
				"${SRCROOT}/Pods/Target Support Files/Pods-pocket.gg/Pods-pocket.gg-frameworks.sh",
				"${BUILT_PRODUCTS_DIR}/Alamofire/Alamofire.framework",
				"${BUILT_PRODUCTS_DIR}/AlamofireImage/AlamofireImage.framework",
				"${BUILT_PRODUCTS_DIR}/Apollo/Apollo.framework",
			);
			name = "[CP] Embed Pods Frameworks";
			outputPaths = (
				"${TARGET_BUILD_DIR}/${FRAMEWORKS_FOLDER_PATH}/Alamofire.framework",
				"${TARGET_BUILD_DIR}/${FRAMEWORKS_FOLDER_PATH}/AlamofireImage.framework",
				"${TARGET_BUILD_DIR}/${FRAMEWORKS_FOLDER_PATH}/Apollo.framework",
			);
			runOnlyForDeploymentPostprocessing = 0;
			shellPath = /bin/sh;
			shellScript = "\"${SRCROOT}/Pods/Target Support Files/Pods-pocket.gg/Pods-pocket.gg-frameworks.sh\"\n";
			showEnvVarsInLog = 0;
		};
		DA827FB621D32FB80071769F /* Generate Apollo GraphQL API */ = {
			isa = PBXShellScriptBuildPhase;
			buildActionMask = 2147483647;
			files = (
			);
			inputFileListPaths = (
			);
			inputPaths = (
			);
			name = "Generate Apollo GraphQL API";
			outputFileListPaths = (
			);
			outputPaths = (
			);
			runOnlyForDeploymentPostprocessing = 0;
			shellPath = /bin/sh;
			shellScript = "APOLLO_FRAMEWORK_PATH=\"$(eval find $FRAMEWORK_SEARCH_PATHS -name \"Apollo.framework\" -maxdepth 1)\"\n\nif [ -z \"$APOLLO_FRAMEWORK_PATH\" ]; then\necho \"error: Couldn't find Apollo.framework in FRAMEWORK_SEARCH_PATHS; make sure to add the framework to your project.\"\nexit 1\nfi\n\ncd \"${SRCROOT}/${TARGET_NAME}\"\n$APOLLO_FRAMEWORK_PATH/check-and-run-apollo-cli.sh codegen:generate --queries=\"$(find . -name '*.graphql')\" --passthroughCustomScalars --schema=schema.json API.swift\n";
		};
/* End PBXShellScriptBuildPhase section */

/* Begin PBXSourcesBuildPhase section */
		DAB09AA221C56E7C00C413D8 /* Sources */ = {
			isa = PBXSourcesBuildPhase;
			buildActionMask = 2147483647;
			files = (
				DA76BDB721D3D8C000A72697 /* TournamentDataService.swift in Sources */,
				DA76BDB421D33CA200A72697 /* TournamentCell.swift in Sources */,
				DAD5A25E21DD924C00185801 /* SettingsVC.swift in Sources */,
				DA3B323521D8A522007CCA33 /* Tournament.swift in Sources */,
				DA76BDBA21D3D94B00A72697 /* Constants.swift in Sources */,
				DAD5A26621E05D3600185801 /* VideoGames.swift in Sources */,
				DAD5A26E21E2687500185801 /* SearchVC.swift in Sources */,
				DAC12BB1227C980600B33155 /* Timestamp.swift in Sources */,
				DAD5A26421DF1D9800185801 /* VideoGameCell.swift in Sources */,
				DAD5A26C21E1E02F00185801 /* VideoGameService.swift in Sources */,
				DAD5A27021E268BF00185801 /* TournamentVC.swift in Sources */,
				DAD5A26821E067A200185801 /* VideoGame.swift in Sources */,
				DAD5A27621FC080600185801 /* GameSelectionVC.swift in Sources */,
				DAFE381221D9615200C0FCB3 /* DefaultsService.swift in Sources */,
				DA76BDC021D3F8CE00A72697 /* MainVC.swift in Sources */,
				DAB09AAA21C56E7C00C413D8 /* AppDelegate.swift in Sources */,
				DAC12BAF227C971500B33155 /* API.swift in Sources */,
				DA76BDC421D4A0AF00A72697 /* AuthToken.swift in Sources */,
			);
			runOnlyForDeploymentPostprocessing = 0;
		};
/* End PBXSourcesBuildPhase section */

/* Begin PBXVariantGroup section */
		DAB09AAD21C56E7C00C413D8 /* Main.storyboard */ = {
			isa = PBXVariantGroup;
			children = (
				DAB09AAE21C56E7C00C413D8 /* Base */,
			);
			name = Main.storyboard;
			sourceTree = "<group>";
		};
		DAB09AB221C56E7E00C413D8 /* LaunchScreen.storyboard */ = {
			isa = PBXVariantGroup;
			children = (
				DAB09AB321C56E7E00C413D8 /* Base */,
			);
			name = LaunchScreen.storyboard;
			sourceTree = "<group>";
		};
/* End PBXVariantGroup section */

/* Begin XCBuildConfiguration section */
		DAB09AB621C56E7E00C413D8 /* Debug */ = {
			isa = XCBuildConfiguration;
			buildSettings = {
				ALWAYS_SEARCH_USER_PATHS = NO;
				CLANG_ANALYZER_NONNULL = YES;
				CLANG_ANALYZER_NUMBER_OBJECT_CONVERSION = YES_AGGRESSIVE;
				CLANG_CXX_LANGUAGE_STANDARD = "gnu++14";
				CLANG_CXX_LIBRARY = "libc++";
				CLANG_ENABLE_MODULES = YES;
				CLANG_ENABLE_OBJC_ARC = YES;
				CLANG_ENABLE_OBJC_WEAK = YES;
				CLANG_WARN_BLOCK_CAPTURE_AUTORELEASING = YES;
				CLANG_WARN_BOOL_CONVERSION = YES;
				CLANG_WARN_COMMA = YES;
				CLANG_WARN_CONSTANT_CONVERSION = YES;
				CLANG_WARN_DEPRECATED_OBJC_IMPLEMENTATIONS = YES;
				CLANG_WARN_DIRECT_OBJC_ISA_USAGE = YES_ERROR;
				CLANG_WARN_DOCUMENTATION_COMMENTS = YES;
				CLANG_WARN_EMPTY_BODY = YES;
				CLANG_WARN_ENUM_CONVERSION = YES;
				CLANG_WARN_INFINITE_RECURSION = YES;
				CLANG_WARN_INT_CONVERSION = YES;
				CLANG_WARN_NON_LITERAL_NULL_CONVERSION = YES;
				CLANG_WARN_OBJC_IMPLICIT_RETAIN_SELF = YES;
				CLANG_WARN_OBJC_LITERAL_CONVERSION = YES;
				CLANG_WARN_OBJC_ROOT_CLASS = YES_ERROR;
				CLANG_WARN_RANGE_LOOP_ANALYSIS = YES;
				CLANG_WARN_STRICT_PROTOTYPES = YES;
				CLANG_WARN_SUSPICIOUS_MOVE = YES;
				CLANG_WARN_UNGUARDED_AVAILABILITY = YES_AGGRESSIVE;
				CLANG_WARN_UNREACHABLE_CODE = YES;
				CLANG_WARN__DUPLICATE_METHOD_MATCH = YES;
				CODE_SIGN_IDENTITY = "iPhone Developer";
				COPY_PHASE_STRIP = NO;
				DEBUG_INFORMATION_FORMAT = dwarf;
				ENABLE_STRICT_OBJC_MSGSEND = YES;
				ENABLE_TESTABILITY = YES;
				GCC_C_LANGUAGE_STANDARD = gnu11;
				GCC_DYNAMIC_NO_PIC = NO;
				GCC_NO_COMMON_BLOCKS = YES;
				GCC_OPTIMIZATION_LEVEL = 0;
				GCC_PREPROCESSOR_DEFINITIONS = (
					"DEBUG=1",
					"$(inherited)",
				);
				GCC_WARN_64_TO_32_BIT_CONVERSION = YES;
				GCC_WARN_ABOUT_RETURN_TYPE = YES_ERROR;
				GCC_WARN_UNDECLARED_SELECTOR = YES;
				GCC_WARN_UNINITIALIZED_AUTOS = YES_AGGRESSIVE;
				GCC_WARN_UNUSED_FUNCTION = YES;
				GCC_WARN_UNUSED_VARIABLE = YES;
				IPHONEOS_DEPLOYMENT_TARGET = 12.1;
				MTL_ENABLE_DEBUG_INFO = INCLUDE_SOURCE;
				MTL_FAST_MATH = YES;
				ONLY_ACTIVE_ARCH = YES;
				SDKROOT = iphoneos;
				SWIFT_ACTIVE_COMPILATION_CONDITIONS = DEBUG;
				SWIFT_OPTIMIZATION_LEVEL = "-Onone";
			};
			name = Debug;
		};
		DAB09AB721C56E7E00C413D8 /* Release */ = {
			isa = XCBuildConfiguration;
			buildSettings = {
				ALWAYS_SEARCH_USER_PATHS = NO;
				CLANG_ANALYZER_NONNULL = YES;
				CLANG_ANALYZER_NUMBER_OBJECT_CONVERSION = YES_AGGRESSIVE;
				CLANG_CXX_LANGUAGE_STANDARD = "gnu++14";
				CLANG_CXX_LIBRARY = "libc++";
				CLANG_ENABLE_MODULES = YES;
				CLANG_ENABLE_OBJC_ARC = YES;
				CLANG_ENABLE_OBJC_WEAK = YES;
				CLANG_WARN_BLOCK_CAPTURE_AUTORELEASING = YES;
				CLANG_WARN_BOOL_CONVERSION = YES;
				CLANG_WARN_COMMA = YES;
				CLANG_WARN_CONSTANT_CONVERSION = YES;
				CLANG_WARN_DEPRECATED_OBJC_IMPLEMENTATIONS = YES;
				CLANG_WARN_DIRECT_OBJC_ISA_USAGE = YES_ERROR;
				CLANG_WARN_DOCUMENTATION_COMMENTS = YES;
				CLANG_WARN_EMPTY_BODY = YES;
				CLANG_WARN_ENUM_CONVERSION = YES;
				CLANG_WARN_INFINITE_RECURSION = YES;
				CLANG_WARN_INT_CONVERSION = YES;
				CLANG_WARN_NON_LITERAL_NULL_CONVERSION = YES;
				CLANG_WARN_OBJC_IMPLICIT_RETAIN_SELF = YES;
				CLANG_WARN_OBJC_LITERAL_CONVERSION = YES;
				CLANG_WARN_OBJC_ROOT_CLASS = YES_ERROR;
				CLANG_WARN_RANGE_LOOP_ANALYSIS = YES;
				CLANG_WARN_STRICT_PROTOTYPES = YES;
				CLANG_WARN_SUSPICIOUS_MOVE = YES;
				CLANG_WARN_UNGUARDED_AVAILABILITY = YES_AGGRESSIVE;
				CLANG_WARN_UNREACHABLE_CODE = YES;
				CLANG_WARN__DUPLICATE_METHOD_MATCH = YES;
				CODE_SIGN_IDENTITY = "iPhone Developer";
				COPY_PHASE_STRIP = NO;
				DEBUG_INFORMATION_FORMAT = "dwarf-with-dsym";
				ENABLE_NS_ASSERTIONS = NO;
				ENABLE_STRICT_OBJC_MSGSEND = YES;
				GCC_C_LANGUAGE_STANDARD = gnu11;
				GCC_NO_COMMON_BLOCKS = YES;
				GCC_WARN_64_TO_32_BIT_CONVERSION = YES;
				GCC_WARN_ABOUT_RETURN_TYPE = YES_ERROR;
				GCC_WARN_UNDECLARED_SELECTOR = YES;
				GCC_WARN_UNINITIALIZED_AUTOS = YES_AGGRESSIVE;
				GCC_WARN_UNUSED_FUNCTION = YES;
				GCC_WARN_UNUSED_VARIABLE = YES;
				IPHONEOS_DEPLOYMENT_TARGET = 12.1;
				MTL_ENABLE_DEBUG_INFO = NO;
				MTL_FAST_MATH = YES;
				SDKROOT = iphoneos;
				SWIFT_COMPILATION_MODE = wholemodule;
				SWIFT_OPTIMIZATION_LEVEL = "-O";
				VALIDATE_PRODUCT = YES;
			};
			name = Release;
		};
		DAB09AB921C56E7E00C413D8 /* Debug */ = {
			isa = XCBuildConfiguration;
			baseConfigurationReference = 7F4E9C3AFBD4B72B860E85B6 /* Pods-pocket.gg.debug.xcconfig */;
			buildSettings = {
				ASSETCATALOG_COMPILER_APPICON_NAME = AppIcon;
				CLANG_ENABLE_MODULES = YES;
				CODE_SIGN_STYLE = Automatic;
				DEVELOPMENT_TEAM = H5HY9QQ8RU;
				INFOPLIST_FILE = pocket.gg/Info.plist;
				LD_RUNPATH_SEARCH_PATHS = (
					"$(inherited)",
					"@executable_path/Frameworks",
				);
				PRODUCT_BUNDLE_IDENTIFIER = "com.siuapps.pocket-gg";
				PRODUCT_NAME = "$(TARGET_NAME)";
				SWIFT_OPTIMIZATION_LEVEL = "-Onone";
				SWIFT_VERSION = 5.0;
				TARGETED_DEVICE_FAMILY = "1,2";
			};
			name = Debug;
		};
		DAB09ABA21C56E7E00C413D8 /* Release */ = {
			isa = XCBuildConfiguration;
			baseConfigurationReference = C6020265811DB506F6092B80 /* Pods-pocket.gg.release.xcconfig */;
			buildSettings = {
				ASSETCATALOG_COMPILER_APPICON_NAME = AppIcon;
				CLANG_ENABLE_MODULES = YES;
				CODE_SIGN_STYLE = Automatic;
				DEVELOPMENT_TEAM = H5HY9QQ8RU;
				INFOPLIST_FILE = pocket.gg/Info.plist;
				LD_RUNPATH_SEARCH_PATHS = (
					"$(inherited)",
					"@executable_path/Frameworks",
				);
				PRODUCT_BUNDLE_IDENTIFIER = "com.siuapps.pocket-gg";
				PRODUCT_NAME = "$(TARGET_NAME)";
				SWIFT_VERSION = 5.0;
				TARGETED_DEVICE_FAMILY = "1,2";
			};
			name = Release;
		};
/* End XCBuildConfiguration section */

/* Begin XCConfigurationList section */
		DAB09AA121C56E7C00C413D8 /* Build configuration list for PBXProject "pocket.gg" */ = {
			isa = XCConfigurationList;
			buildConfigurations = (
				DAB09AB621C56E7E00C413D8 /* Debug */,
				DAB09AB721C56E7E00C413D8 /* Release */,
			);
			defaultConfigurationIsVisible = 0;
			defaultConfigurationName = Release;
		};
		DAB09AB821C56E7E00C413D8 /* Build configuration list for PBXNativeTarget "pocket.gg" */ = {
			isa = XCConfigurationList;
			buildConfigurations = (
				DAB09AB921C56E7E00C413D8 /* Debug */,
				DAB09ABA21C56E7E00C413D8 /* Release */,
			);
			defaultConfigurationIsVisible = 0;
			defaultConfigurationName = Release;
		};
/* End XCConfigurationList section */
	};
	rootObject = DAB09A9E21C56E7C00C413D8 /* Project object */;
}
